
Microsoft Visual Studio Solution File, Format Version 12.00
# Visual Studio Version 16
VisualStudioVersion = 16.0.31624.102
MinimumVisualStudioVersion = 10.0.40219.1
Project("{FAE04EC0-301F-11D3-BF4B-00C04F79EFBC}") = "DatingApp", "DatingApp\DatingApp.csproj", "{1FD08D30-39F6-4220-B5CB-5EE4161899FF}"
EndProject
Global
	GlobalSection(SolutionConfigurationPlatforms) = preSolution
		Debug|Any CPU = Debug|Any CPU
		Release|Any CPU = Release|Any CPU
	EndGlobalSection
	GlobalSection(ProjectConfigurationPlatforms) = postSolution
		{1FD08D30-39F6-4220-B5CB-5EE4161899FF}.Debug|Any CPU.ActiveCfg = Debug|Any CPU
		{1FD08D30-39F6-4220-B5CB-5EE4161899FF}.Debug|Any CPU.Build.0 = Debug|Any CPU
		{1FD08D30-39F6-4220-B5CB-5EE4161899FF}.Release|Any CPU.ActiveCfg = Release|Any CPU
		{1FD08D30-39F6-4220-B5CB-5EE4161899FF}.Release|Any CPU.Build.0 = Release|Any CPU
	EndGlobalSection
	GlobalSection(SolutionProperties) = preSolution
		HideSolutionNode = FALSE
	EndGlobalSection
	GlobalSection(ExtensibilityGlobals) = postSolution
		SolutionGuid = {21DE2904-D1CE-4047-BF9F-C1AC940000B3}
	EndGlobalSection
EndGlobal
